
Microsoft Visual Studio Solution File, Format Version 12.00
# Visual Studio Version 16
VisualStudioVersion = 16.0.31515.178
MinimumVisualStudioVersion = 10.0.40219.1
Project("{FAE04EC0-301F-11D3-BF4B-00C04F79EFBC}") = "DemoPOO01", "DemoPOO01\DemoPOO01.csproj", "{833EDB90-CB8D-4666-9CC2-71F6B3FCC1C6}"
EndProject
Global
	GlobalSection(SolutionConfigurationPlatforms) = preSolution
		Debug|Any CPU = Debug|Any CPU
		Release|Any CPU = Release|Any CPU
	EndGlobalSection
	GlobalSection(ProjectConfigurationPlatforms) = postSolution
		{833EDB90-CB8D-4666-9CC2-71F6B3FCC1C6}.Debug|Any CPU.ActiveCfg = Debug|Any CPU
		{833EDB90-CB8D-4666-9CC2-71F6B3FCC1C6}.Debug|Any CPU.Build.0 = Debug|Any CPU
		{833EDB90-CB8D-4666-9CC2-71F6B3FCC1C6}.Release|Any CPU.ActiveCfg = Release|Any CPU
		{833EDB90-CB8D-4666-9CC2-71F6B3FCC1C6}.Release|Any CPU.Build.0 = Release|Any CPU
	EndGlobalSection
	GlobalSection(SolutionProperties) = preSolution
		HideSolutionNode = FALSE
	EndGlobalSection
	GlobalSection(ExtensibilityGlobals) = postSolution
		SolutionGuid = {905FC98B-77DC-4D3A-A34B-E65A8140FE0C}
	EndGlobalSection
EndGlobal
