
Microsoft Visual Studio Solution File, Format Version 12.00
# Visual Studio Version 16
VisualStudioVersion = 16.0.31515.178
MinimumVisualStudioVersion = 10.0.40219.1
Project("{FAE04EC0-301F-11D3-BF4B-00C04F79EFBC}") = "LabNet2021.HelloWorld", "LabNet2021.HelloWorld\LabNet2021.HelloWorld.csproj", "{799EB200-51BC-4069-A3B7-27487C6AFF2F}"
EndProject
Global
	GlobalSection(SolutionConfigurationPlatforms) = preSolution
		Debug|Any CPU = Debug|Any CPU
		Release|Any CPU = Release|Any CPU
	EndGlobalSection
	GlobalSection(ProjectConfigurationPlatforms) = postSolution
		{799EB200-51BC-4069-A3B7-27487C6AFF2F}.Debug|Any CPU.ActiveCfg = Debug|Any CPU
		{799EB200-51BC-4069-A3B7-27487C6AFF2F}.Debug|Any CPU.Build.0 = Debug|Any CPU
		{799EB200-51BC-4069-A3B7-27487C6AFF2F}.Release|Any CPU.ActiveCfg = Release|Any CPU
		{799EB200-51BC-4069-A3B7-27487C6AFF2F}.Release|Any CPU.Build.0 = Release|Any CPU
	EndGlobalSection
	GlobalSection(SolutionProperties) = preSolution
		HideSolutionNode = FALSE
	EndGlobalSection
	GlobalSection(ExtensibilityGlobals) = postSolution
		SolutionGuid = {5FD8EDF0-B4E7-4290-B2FA-E9AE79A4FEE3}
	EndGlobalSection
EndGlobal
